
Microsoft Visual Studio Solution File, Format Version 12.00
# Visual Studio Version 17
VisualStudioVersion = 17.4.33403.182
MinimumVisualStudioVersion = 10.0.40219.1
Project("{FAE04EC0-301F-11D3-BF4B-00C04F79EFBC}") = "MazeMvcApp", "MazeMvcApp\MazeMvcApp.csproj", "{CBB89CA2-441A-4920-8CF4-DED5516BC8FA}"
EndProject
Global
	GlobalSection(SolutionConfigurationPlatforms) = preSolution
		Debug|Any CPU = Debug|Any CPU
		Release|Any CPU = Release|Any CPU
	EndGlobalSection
	GlobalSection(ProjectConfigurationPlatforms) = postSolution
		{CBB89CA2-441A-4920-8CF4-DED5516BC8FA}.Debug|Any CPU.ActiveCfg = Debug|Any CPU
		{CBB89CA2-441A-4920-8CF4-DED5516BC8FA}.Debug|Any CPU.Build.0 = Debug|Any CPU
		{CBB89CA2-441A-4920-8CF4-DED5516BC8FA}.Release|Any CPU.ActiveCfg = Release|Any CPU
		{CBB89CA2-441A-4920-8CF4-DED5516BC8FA}.Release|Any CPU.Build.0 = Release|Any CPU
	EndGlobalSection
	GlobalSection(SolutionProperties) = preSolution
		HideSolutionNode = FALSE
	EndGlobalSection
	GlobalSection(ExtensibilityGlobals) = postSolution
		SolutionGuid = {A134B155-5DFE-4CB5-9348-CF7BED0F1ACE}
	EndGlobalSection
EndGlobal
